
Microsoft Visual Studio Solution File, Format Version 12.00
# Visual Studio 2013
VisualStudioVersion = 12.0.40629.0
MinimumVisualStudioVersion = 10.0.40219.1
Project("{FAE04EC0-301F-11D3-BF4B-00C04F79EFBC}") = "ExamMaker", "ExamMaker\ExamMaker.csproj", "{64916214-218C-4237-9014-C08F749187BA}"
EndProject
Project("{FAE04EC0-301F-11D3-BF4B-00C04F79EFBC}") = "ExamMaker.Models", "ExamMaker.Models\ExamMaker.Models.csproj", "{B3C34C39-0F3B-435B-84A3-41E218DA8F49}"
EndProject
Project("{FAE04EC0-301F-11D3-BF4B-00C04F79EFBC}") = "ExamMaker.Tests", "ExamMaker.Tests\ExamMaker.Tests.csproj", "{BDDE97B1-92D9-4B7D-9681-75ECC0632F2E}"
EndProject
Project("{FAE04EC0-301F-11D3-BF4B-00C04F79EFBC}") = "ExamMaker.Presenters", "ExamMaker.Presenters\ExamMaker.Presenters.csproj", "{1DA17E9A-B1CD-48F8-B47C-9D7D81BAA2A7}"
EndProject
Global
	GlobalSection(SolutionConfigurationPlatforms) = preSolution
		Debug|Any CPU = Debug|Any CPU
		Release|Any CPU = Release|Any CPU
	EndGlobalSection
	GlobalSection(ProjectConfigurationPlatforms) = postSolution
		{64916214-218C-4237-9014-C08F749187BA}.Debug|Any CPU.ActiveCfg = Debug|Any CPU
		{64916214-218C-4237-9014-C08F749187BA}.Debug|Any CPU.Build.0 = Debug|Any CPU
		{64916214-218C-4237-9014-C08F749187BA}.Release|Any CPU.ActiveCfg = Release|Any CPU
		{64916214-218C-4237-9014-C08F749187BA}.Release|Any CPU.Build.0 = Release|Any CPU
		{B3C34C39-0F3B-435B-84A3-41E218DA8F49}.Debug|Any CPU.ActiveCfg = Debug|Any CPU
		{B3C34C39-0F3B-435B-84A3-41E218DA8F49}.Debug|Any CPU.Build.0 = Debug|Any CPU
		{B3C34C39-0F3B-435B-84A3-41E218DA8F49}.Release|Any CPU.ActiveCfg = Release|Any CPU
		{B3C34C39-0F3B-435B-84A3-41E218DA8F49}.Release|Any CPU.Build.0 = Release|Any CPU
		{BDDE97B1-92D9-4B7D-9681-75ECC0632F2E}.Debug|Any CPU.ActiveCfg = Debug|Any CPU
		{BDDE97B1-92D9-4B7D-9681-75ECC0632F2E}.Debug|Any CPU.Build.0 = Debug|Any CPU
		{BDDE97B1-92D9-4B7D-9681-75ECC0632F2E}.Release|Any CPU.ActiveCfg = Release|Any CPU
		{BDDE97B1-92D9-4B7D-9681-75ECC0632F2E}.Release|Any CPU.Build.0 = Release|Any CPU
		{1DA17E9A-B1CD-48F8-B47C-9D7D81BAA2A7}.Debug|Any CPU.ActiveCfg = Debug|Any CPU
		{1DA17E9A-B1CD-48F8-B47C-9D7D81BAA2A7}.Debug|Any CPU.Build.0 = Debug|Any CPU
		{1DA17E9A-B1CD-48F8-B47C-9D7D81BAA2A7}.Release|Any CPU.ActiveCfg = Release|Any CPU
		{1DA17E9A-B1CD-48F8-B47C-9D7D81BAA2A7}.Release|Any CPU.Build.0 = Release|Any CPU
	EndGlobalSection
	GlobalSection(SolutionProperties) = preSolution
		HideSolutionNode = FALSE
	EndGlobalSection
EndGlobal
